// !$*UTF8*$!
{
	archiveVersion = 1;
	classes = {
	};
	objectVersion = 46;
	objects = {

/* Begin PBXBuildFile section */
		230E97DF1653AF640091CEE8 /* Foundation.framework in Frameworks */ = {isa = PBXBuildFile; fileRef = 230E97DE1653AF640091CEE8 /* Foundation.framework */; };
		230E97E41653AF640091CEE8 /* HTPyBuiltins.h in CopyFiles */ = {isa = PBXBuildFile; fileRef = 230E97E31653AF640091CEE8 /* HTPyBuiltins.h */; };
		230E97E61653AF640091CEE8 /* HTPyBuiltins.m in Sources */ = {isa = PBXBuildFile; fileRef = 230E97E51653AF640091CEE8 /* HTPyBuiltins.m */; };
		230E97EE1653AF640091CEE8 /* SenTestingKit.framework in Frameworks */ = {isa = PBXBuildFile; fileRef = 230E97ED1653AF640091CEE8 /* SenTestingKit.framework */; };
		230E97F01653AF640091CEE8 /* UIKit.framework in Frameworks */ = {isa = PBXBuildFile; fileRef = 230E97EF1653AF640091CEE8 /* UIKit.framework */; };
		230E97F11653AF640091CEE8 /* Foundation.framework in Frameworks */ = {isa = PBXBuildFile; fileRef = 230E97DE1653AF640091CEE8 /* Foundation.framework */; };
		230E97F41653AF640091CEE8 /* libHTPyFunctions.a in Frameworks */ = {isa = PBXBuildFile; fileRef = 230E97DB1653AF640091CEE8 /* libHTPyFunctions.a */; };
		230E97FA1653AF640091CEE8 /* InfoPlist.strings in Resources */ = {isa = PBXBuildFile; fileRef = 230E97F81653AF640091CEE8 /* InfoPlist.strings */; };
		230E97FD1653AF640091CEE8 /* HTPyBuiltinsTests.m in Sources */ = {isa = PBXBuildFile; fileRef = 230E97FC1653AF640091CEE8 /* HTPyBuiltinsTests.m */; };
/* End PBXBuildFile section */

/* Begin PBXContainerItemProxy section */
		230E97F21653AF640091CEE8 /* PBXContainerItemProxy */ = {
			isa = PBXContainerItemProxy;
			containerPortal = 230E97D21653AF640091CEE8 /* Project object */;
			proxyType = 1;
			remoteGlobalIDString = 230E97DA1653AF640091CEE8;
			remoteInfo = HTPyBuiltins;
		};
/* End PBXContainerItemProxy section */

/* Begin PBXCopyFilesBuildPhase section */
		230E97D91653AF640091CEE8 /* CopyFiles */ = {
			isa = PBXCopyFilesBuildPhase;
			buildActionMask = 2147483647;
			dstPath = "include/${PRODUCT_NAME}";
			dstSubfolderSpec = 16;
			files = (
				230E97E41653AF640091CEE8 /* HTPyBuiltins.h in CopyFiles */,
			);
			runOnlyForDeploymentPostprocessing = 0;
		};
/* End PBXCopyFilesBuildPhase section */

/* Begin PBXFileReference section */
		230E97DB1653AF640091CEE8 /* libHTPyFunctions.a */ = {isa = PBXFileReference; explicitFileType = archive.ar; includeInIndex = 0; path = libHTPyFunctions.a; sourceTree = BUILT_PRODUCTS_DIR; };
		230E97DE1653AF640091CEE8 /* Foundation.framework */ = {isa = PBXFileReference; lastKnownFileType = wrapper.framework; name = Foundation.framework; path = System/Library/Frameworks/Foundation.framework; sourceTree = SDKROOT; };
		230E97E21653AF640091CEE8 /* HTPyFunctions-Prefix.pch */ = {isa = PBXFileReference; lastKnownFileType = sourcecode.c.h; path = "HTPyFunctions-Prefix.pch"; sourceTree = "<group>"; };
		230E97E31653AF640091CEE8 /* HTPyBuiltins.h */ = {isa = PBXFileReference; lastKnownFileType = sourcecode.c.h; path = HTPyBuiltins.h; sourceTree = "<group>"; };
		230E97E51653AF640091CEE8 /* HTPyBuiltins.m */ = {isa = PBXFileReference; lastKnownFileType = sourcecode.c.objc; path = HTPyBuiltins.m; sourceTree = "<group>"; };
		230E97EC1653AF640091CEE8 /* HTPyFunctionsTests.octest */ = {isa = PBXFileReference; explicitFileType = wrapper.cfbundle; includeInIndex = 0; path = HTPyFunctionsTests.octest; sourceTree = BUILT_PRODUCTS_DIR; };
		230E97ED1653AF640091CEE8 /* SenTestingKit.framework */ = {isa = PBXFileReference; lastKnownFileType = wrapper.framework; name = SenTestingKit.framework; path = Library/Frameworks/SenTestingKit.framework; sourceTree = DEVELOPER_DIR; };
		230E97EF1653AF640091CEE8 /* UIKit.framework */ = {isa = PBXFileReference; lastKnownFileType = wrapper.framework; name = UIKit.framework; path = Library/Frameworks/UIKit.framework; sourceTree = DEVELOPER_DIR; };
		230E97F71653AF640091CEE8 /* HTPyFunctionsTests-Info.plist */ = {isa = PBXFileReference; lastKnownFileType = text.plist.xml; path = "HTPyFunctionsTests-Info.plist"; sourceTree = "<group>"; };
		230E97F91653AF640091CEE8 /* en */ = {isa = PBXFileReference; lastKnownFileType = text.plist.strings; name = en; path = en.lproj/InfoPlist.strings; sourceTree = "<group>"; };
		230E97FB1653AF640091CEE8 /* HTPyBuiltinsTests.h */ = {isa = PBXFileReference; lastKnownFileType = sourcecode.c.h; path = HTPyBuiltinsTests.h; sourceTree = "<group>"; };
		230E97FC1653AF640091CEE8 /* HTPyBuiltinsTests.m */ = {isa = PBXFileReference; lastKnownFileType = sourcecode.c.objc; path = HTPyBuiltinsTests.m; sourceTree = "<group>"; };
/* End PBXFileReference section */

/* Begin PBXFrameworksBuildPhase section */
		230E97D81653AF640091CEE8 /* Frameworks */ = {
			isa = PBXFrameworksBuildPhase;
			buildActionMask = 2147483647;
			files = (
				230E97DF1653AF640091CEE8 /* Foundation.framework in Frameworks */,
			);
			runOnlyForDeploymentPostprocessing = 0;
		};
		230E97E81653AF640091CEE8 /* Frameworks */ = {
			isa = PBXFrameworksBuildPhase;
			buildActionMask = 2147483647;
			files = (
				230E97EE1653AF640091CEE8 /* SenTestingKit.framework in Frameworks */,
				230E97F01653AF640091CEE8 /* UIKit.framework in Frameworks */,
				230E97F11653AF640091CEE8 /* Foundation.framework in Frameworks */,
				230E97F41653AF640091CEE8 /* libHTPyFunctions.a in Frameworks */,
			);
			runOnlyForDeploymentPostprocessing = 0;
		};
/* End PBXFrameworksBuildPhase section */

/* Begin PBXGroup section */
		230E97D01653AF640091CEE8 = {
			isa = PBXGroup;
			children = (
				230E97E01653AF640091CEE8 /* HTPyBuiltins */,
				230E97F51653AF640091CEE8 /* HTPyBuiltinsTests */,
				230E97DD1653AF640091CEE8 /* Frameworks */,
				230E97DC1653AF640091CEE8 /* Products */,
			);
			sourceTree = "<group>";
		};
		230E97DC1653AF640091CEE8 /* Products */ = {
			isa = PBXGroup;
			children = (
				230E97DB1653AF640091CEE8 /* libHTPyFunctions.a */,
				230E97EC1653AF640091CEE8 /* HTPyFunctionsTests.octest */,
			);
			name = Products;
			sourceTree = "<group>";
		};
		230E97DD1653AF640091CEE8 /* Frameworks */ = {
			isa = PBXGroup;
			children = (
				230E97DE1653AF640091CEE8 /* Foundation.framework */,
				230E97ED1653AF640091CEE8 /* SenTestingKit.framework */,
				230E97EF1653AF640091CEE8 /* UIKit.framework */,
			);
			name = Frameworks;
			sourceTree = "<group>";
		};
		230E97E01653AF640091CEE8 /* HTPyBuiltins */ = {
			isa = PBXGroup;
			children = (
				230E97E31653AF640091CEE8 /* HTPyBuiltins.h */,
				230E97E51653AF640091CEE8 /* HTPyBuiltins.m */,
				230E97E11653AF640091CEE8 /* Supporting Files */,
			);
			path = HTPyBuiltins;
			sourceTree = "<group>";
		};
		230E97E11653AF640091CEE8 /* Supporting Files */ = {
			isa = PBXGroup;
			children = (
				230E97E21653AF640091CEE8 /* HTPyFunctions-Prefix.pch */,
			);
			name = "Supporting Files";
			sourceTree = "<group>";
		};
		230E97F51653AF640091CEE8 /* HTPyBuiltinsTests */ = {
			isa = PBXGroup;
			children = (
				230E97FB1653AF640091CEE8 /* HTPyBuiltinsTests.h */,
				230E97FC1653AF640091CEE8 /* HTPyBuiltinsTests.m */,
				230E97F61653AF640091CEE8 /* Supporting Files */,
			);
			path = HTPyBuiltinsTests;
			sourceTree = "<group>";
		};
		230E97F61653AF640091CEE8 /* Supporting Files */ = {
			isa = PBXGroup;
			children = (
				230E97F71653AF640091CEE8 /* HTPyFunctionsTests-Info.plist */,
				230E97F81653AF640091CEE8 /* InfoPlist.strings */,
			);
			name = "Supporting Files";
			sourceTree = "<group>";
		};
/* End PBXGroup section */

/* Begin PBXNativeTarget section */
		230E97DA1653AF640091CEE8 /* HTPyFunctions */ = {
			isa = PBXNativeTarget;
			buildConfigurationList = 230E98001653AF640091CEE8 /* Build configuration list for PBXNativeTarget "HTPyFunctions" */;
			buildPhases = (
				230E97D71653AF640091CEE8 /* Sources */,
				230E97D81653AF640091CEE8 /* Frameworks */,
				230E97D91653AF640091CEE8 /* CopyFiles */,
			);
			buildRules = (
			);
			dependencies = (
			);
			name = HTPyFunctions;
			productName = HTPyBuiltins;
			productReference = 230E97DB1653AF640091CEE8 /* libHTPyFunctions.a */;
			productType = "com.apple.product-type.library.static";
		};
		230E97EB1653AF640091CEE8 /* HTPyFunctionsTests */ = {
			isa = PBXNativeTarget;
			buildConfigurationList = 230E98031653AF640091CEE8 /* Build configuration list for PBXNativeTarget "HTPyFunctionsTests" */;
			buildPhases = (
				230E97E71653AF640091CEE8 /* Sources */,
				230E97E81653AF640091CEE8 /* Frameworks */,
				230E97E91653AF640091CEE8 /* Resources */,
				230E97EA1653AF640091CEE8 /* ShellScript */,
			);
			buildRules = (
			);
			dependencies = (
				230E97F31653AF640091CEE8 /* PBXTargetDependency */,
			);
			name = HTPyFunctionsTests;
			productName = HTPyBuiltinsTests;
			productReference = 230E97EC1653AF640091CEE8 /* HTPyFunctionsTests.octest */;
			productType = "com.apple.product-type.bundle";
		};
/* End PBXNativeTarget section */

/* Begin PBXProject section */
		230E97D21653AF640091CEE8 /* Project object */ = {
			isa = PBXProject;
			attributes = {
				LastUpgradeCheck = 0450;
				ORGANIZATIONNAME = "최건우";
			};
			buildConfigurationList = 230E97D51653AF640091CEE8 /* Build configuration list for PBXProject "HTPyFunctions" */;
			compatibilityVersion = "Xcode 3.2";
			developmentRegion = English;
			hasScannedForEncodings = 0;
			knownRegions = (
				en,
			);
			mainGroup = 230E97D01653AF640091CEE8;
			productRefGroup = 230E97DC1653AF640091CEE8 /* Products */;
			projectDirPath = "";
			projectRoot = "";
			targets = (
				230E97DA1653AF640091CEE8 /* HTPyFunctions */,
				230E97EB1653AF640091CEE8 /* HTPyFunctionsTests */,
			);
		};
/* End PBXProject section */

/* Begin PBXResourcesBuildPhase section */
		230E97E91653AF640091CEE8 /* Resources */ = {
			isa = PBXResourcesBuildPhase;
			buildActionMask = 2147483647;
			files = (
				230E97FA1653AF640091CEE8 /* InfoPlist.strings in Resources */,
			);
			runOnlyForDeploymentPostprocessing = 0;
		};
/* End PBXResourcesBuildPhase section */

/* Begin PBXShellScriptBuildPhase section */
		230E97EA1653AF640091CEE8 /* ShellScript */ = {
			isa = PBXShellScriptBuildPhase;
			buildActionMask = 2147483647;
			files = (
			);
			inputPaths = (
			);
			outputPaths = (
			);
			runOnlyForDeploymentPostprocessing = 0;
			shellPath = /bin/sh;
			shellScript = "# Run the unit tests in this test bundle.\n\"${SYSTEM_DEVELOPER_DIR}/Tools/RunUnitTests\"\n";
		};
/* End PBXShellScriptBuildPhase section */

/* Begin PBXSourcesBuildPhase section */
		230E97D71653AF640091CEE8 /* Sources */ = {
			isa = PBXSourcesBuildPhase;
			buildActionMask = 2147483647;
			files = (
				230E97E61653AF640091CEE8 /* HTPyBuiltins.m in Sources */,
			);
			runOnlyForDeploymentPostprocessing = 0;
		};
		230E97E71653AF640091CEE8 /* Sources */ = {
			isa = PBXSourcesBuildPhase;
			buildActionMask = 2147483647;
			files = (
				230E97FD1653AF640091CEE8 /* HTPyBuiltinsTests.m in Sources */,
			);
			runOnlyForDeploymentPostprocessing = 0;
		};
/* End PBXSourcesBuildPhase section */

/* Begin PBXTargetDependency section */
		230E97F31653AF640091CEE8 /* PBXTargetDependency */ = {
			isa = PBXTargetDependency;
			target = 230E97DA1653AF640091CEE8 /* HTPyFunctions */;
			targetProxy = 230E97F21653AF640091CEE8 /* PBXContainerItemProxy */;
		};
/* End PBXTargetDependency section */

/* Begin PBXVariantGroup section */
		230E97F81653AF640091CEE8 /* InfoPlist.strings */ = {
			isa = PBXVariantGroup;
			children = (
				230E97F91653AF640091CEE8 /* en */,
			);
			name = InfoPlist.strings;
			sourceTree = "<group>";
		};
/* End PBXVariantGroup section */

/* Begin XCBuildConfiguration section */
		230E97FE1653AF640091CEE8 /* Debug */ = {
			isa = XCBuildConfiguration;
			buildSettings = {
				ALWAYS_SEARCH_USER_PATHS = NO;
				CLANG_CXX_LANGUAGE_STANDARD = "gnu++0x";
				CLANG_CXX_LIBRARY = "libc++";
				CLANG_WARN_EMPTY_BODY = YES;
				CLANG_WARN__DUPLICATE_METHOD_MATCH = YES;
				COPY_PHASE_STRIP = NO;
				GCC_C_LANGUAGE_STANDARD = gnu99;
				GCC_DYNAMIC_NO_PIC = NO;
				GCC_OPTIMIZATION_LEVEL = 0;
				GCC_PREPROCESSOR_DEFINITIONS = (
					"DEBUG=1",
					"$(inherited)",
				);
				GCC_SYMBOLS_PRIVATE_EXTERN = NO;
				GCC_WARN_ABOUT_RETURN_TYPE = YES;
				GCC_WARN_UNINITIALIZED_AUTOS = YES;
				GCC_WARN_UNUSED_VARIABLE = YES;
				IPHONEOS_DEPLOYMENT_TARGET = 6.0;
				SDKROOT = iphoneos;
			};
			name = Debug;
		};
		230E97FF1653AF640091CEE8 /* Release */ = {
			isa = XCBuildConfiguration;
			buildSettings = {
				ALWAYS_SEARCH_USER_PATHS = NO;
				CLANG_CXX_LANGUAGE_STANDARD = "gnu++0x";
				CLANG_CXX_LIBRARY = "libc++";
				CLANG_WARN_EMPTY_BODY = YES;
				CLANG_WARN__DUPLICATE_METHOD_MATCH = YES;
				COPY_PHASE_STRIP = YES;
				GCC_C_LANGUAGE_STANDARD = gnu99;
				GCC_WARN_ABOUT_RETURN_TYPE = YES;
				GCC_WARN_UNINITIALIZED_AUTOS = YES;
				GCC_WARN_UNUSED_VARIABLE = YES;
				IPHONEOS_DEPLOYMENT_TARGET = 6.0;
				SDKROOT = iphoneos;
				VALIDATE_PRODUCT = YES;
			};
			name = Release;
		};
		230E98011653AF640091CEE8 /* Debug */ = {
			isa = XCBuildConfiguration;
			buildSettings = {
				CLANG_WARN_OBJCPP_ARC_ABI = YES;
				DSTROOT = /tmp/HTPyBuiltins.dst;
				GCC_PRECOMPILE_PREFIX_HEADER = YES;
				GCC_PREFIX_HEADER = "HTPyBuiltins/HTPyFunctions-Prefix.pch";
				OTHER_LDFLAGS = "-ObjC";
				PRODUCT_NAME = HTPyFunctions;
				SKIP_INSTALL = YES;
			};
			name = Debug;
		};
		230E98021653AF640091CEE8 /* Release */ = {
			isa = XCBuildConfiguration;
			buildSettings = {
				CLANG_WARN_OBJCPP_ARC_ABI = YES;
				DSTROOT = /tmp/HTPyBuiltins.dst;
				GCC_PRECOMPILE_PREFIX_HEADER = YES;
				GCC_PREFIX_HEADER = "HTPyBuiltins/HTPyFunctions-Prefix.pch";
				OTHER_LDFLAGS = "-ObjC";
				PRODUCT_NAME = HTPyFunctions;
				SKIP_INSTALL = YES;
			};
			name = Release;
		};
		230E98041653AF640091CEE8 /* Debug */ = {
			isa = XCBuildConfiguration;
			buildSettings = {
				CLANG_WARN_OBJCPP_ARC_ABI = YES;
				FRAMEWORK_SEARCH_PATHS = (
					"\"$(SDKROOT)/Developer/Library/Frameworks\"",
					"\"$(DEVELOPER_LIBRARY_DIR)/Frameworks\"",
				);
				GCC_PRECOMPILE_PREFIX_HEADER = YES;
				GCC_PREFIX_HEADER = "HTPyBuiltins/HTPyBuiltins-Prefix.pch";
				INFOPLIST_FILE = "HTPyBuiltinsTests/HTPyFunctionsTests-Info.plist";
				PRODUCT_NAME = HTPyFunctionsTests;
				WRAPPER_EXTENSION = octest;
			};
			name = Debug;
		};
		230E98051653AF640091CEE8 /* Release */ = {
			isa = XCBuildConfiguration;
			buildSettings = {
				CLANG_WARN_OBJCPP_ARC_ABI = YES;
				FRAMEWORK_SEARCH_PATHS = (
					"\"$(SDKROOT)/Developer/Library/Frameworks\"",
					"\"$(DEVELOPER_LIBRARY_DIR)/Frameworks\"",
				);
				GCC_PRECOMPILE_PREFIX_HEADER = YES;
				GCC_PREFIX_HEADER = "HTPyBuiltins/HTPyBuiltins-Prefix.pch";
				INFOPLIST_FILE = "HTPyBuiltinsTests/HTPyFunctionsTests-Info.plist";
				PRODUCT_NAME = HTPyFunctionsTests;
				WRAPPER_EXTENSION = octest;
			};
			name = Release;
		};
/* End XCBuildConfiguration section */

/* Begin XCConfigurationList section */
		230E97D51653AF640091CEE8 /* Build configuration list for PBXProject "HTPyFunctions" */ = {
			isa = XCConfigurationList;
			buildConfigurations = (
				230E97FE1653AF640091CEE8 /* Debug */,
				230E97FF1653AF640091CEE8 /* Release */,
			);
			defaultConfigurationIsVisible = 0;
			defaultConfigurationName = Release;
		};
		230E98001653AF640091CEE8 /* Build configuration list for PBXNativeTarget "HTPyFunctions" */ = {
			isa = XCConfigurationList;
			buildConfigurations = (
				230E98011653AF640091CEE8 /* Debug */,
				230E98021653AF640091CEE8 /* Release */,
			);
			defaultConfigurationIsVisible = 0;
		};
		230E98031653AF640091CEE8 /* Build configuration list for PBXNativeTarget "HTPyFunctionsTests" */ = {
			isa = XCConfigurationList;
			buildConfigurations = (
				230E98041653AF640091CEE8 /* Debug */,
				230E98051653AF640091CEE8 /* Release */,
			);
			defaultConfigurationIsVisible = 0;
		};
/* End XCConfigurationList section */
	};
	rootObject = 230E97D21653AF640091CEE8 /* Project object */;
}
